// !$*UTF8*$!
{
	archiveVersion = 1;
	classes = {
	};
	objectVersion = 50;
	objects = {

/* Begin PBXBuildFile section */
		42654228216655DC00DDD188 /* AppDelegate.swift in Sources */ = {isa = PBXBuildFile; fileRef = 42654227216655DC00DDD188 /* AppDelegate.swift */; };
		4265422A216655DC00DDD188 /* DashbordController.swift in Sources */ = {isa = PBXBuildFile; fileRef = 42654229216655DC00DDD188 /* DashbordController.swift */; };
		4265422D216655DC00DDD188 /* Main.storyboard in Resources */ = {isa = PBXBuildFile; fileRef = 4265422B216655DC00DDD188 /* Main.storyboard */; };
		42654230216655DC00DDD188 /* Health.xcdatamodeld in Sources */ = {isa = PBXBuildFile; fileRef = 4265422E216655DC00DDD188 /* Health.xcdatamodeld */; };
		42654232216655DE00DDD188 /* Assets.xcassets in Resources */ = {isa = PBXBuildFile; fileRef = 42654231216655DE00DDD188 /* Assets.xcassets */; };
		42654235216655DE00DDD188 /* LaunchScreen.storyboard in Resources */ = {isa = PBXBuildFile; fileRef = 42654233216655DE00DDD188 /* LaunchScreen.storyboard */; };
		4265423D216655FF00DDD188 /* PersistentManager.swift in Sources */ = {isa = PBXBuildFile; fileRef = 4265423C216655FF00DDD188 /* PersistentManager.swift */; };
		42654240216657D900DDD188 /* Pedometer.swift in Sources */ = {isa = PBXBuildFile; fileRef = 4265423F216657D900DDD188 /* Pedometer.swift */; };
		4265424221666A6E00DDD188 /* diagram.swift in Sources */ = {isa = PBXBuildFile; fileRef = 4265424121666A6E00DDD188 /* diagram.swift */; };
		42ACA474216BDB1D003598EF /* SwipeAnimations.swift in Sources */ = {isa = PBXBuildFile; fileRef = 42ACA473216BDB1D003598EF /* SwipeAnimations.swift */; };
		42C56488216790BF001B85D6 /* CalendarView.swift in Sources */ = {isa = PBXBuildFile; fileRef = 42C56487216790BF001B85D6 /* CalendarView.swift */; };
		42F0013B2166BECB00A87C91 /* DashbordHelper.swift in Sources */ = {isa = PBXBuildFile; fileRef = 42F0013A2166BECB00A87C91 /* DashbordHelper.swift */; };
		42F0013D2166BF9F00A87C91 /* PhysiologicalData.swift in Sources */ = {isa = PBXBuildFile; fileRef = 42F0013C2166BF9F00A87C91 /* PhysiologicalData.swift */; };
		5357902CAAFDE595AE3F9182 /* Pods_Health.framework in Frameworks */ = {isa = PBXBuildFile; fileRef = B699324CF7032EAED8ED25ED /* Pods_Health.framework */; };
/* End PBXBuildFile section */

/* Begin PBXFileReference section */
		42654224216655DC00DDD188 /* Health.app */ = {isa = PBXFileReference; explicitFileType = wrapper.application; includeInIndex = 0; path = Health.app; sourceTree = BUILT_PRODUCTS_DIR; };
		42654227216655DC00DDD188 /* AppDelegate.swift */ = {isa = PBXFileReference; lastKnownFileType = sourcecode.swift; path = AppDelegate.swift; sourceTree = "<group>"; };
		42654229216655DC00DDD188 /* DashbordController.swift */ = {isa = PBXFileReference; lastKnownFileType = sourcecode.swift; path = DashbordController.swift; sourceTree = "<group>"; };
		4265422C216655DC00DDD188 /* Base */ = {isa = PBXFileReference; lastKnownFileType = file.storyboard; name = Base; path = Base.lproj/Main.storyboard; sourceTree = "<group>"; };
		4265422F216655DC00DDD188 /* Health.xcdatamodel */ = {isa = PBXFileReference; lastKnownFileType = wrapper.xcdatamodel; path = Health.xcdatamodel; sourceTree = "<group>"; };
		42654231216655DE00DDD188 /* Assets.xcassets */ = {isa = PBXFileReference; lastKnownFileType = folder.assetcatalog; path = Assets.xcassets; sourceTree = "<group>"; };
		42654234216655DE00DDD188 /* Base */ = {isa = PBXFileReference; lastKnownFileType = file.storyboard; name = Base; path = Base.lproj/LaunchScreen.storyboard; sourceTree = "<group>"; };
		42654236216655DE00DDD188 /* Info.plist */ = {isa = PBXFileReference; lastKnownFileType = text.plist.xml; path = Info.plist; sourceTree = "<group>"; };
		4265423C216655FF00DDD188 /* PersistentManager.swift */ = {isa = PBXFileReference; lastKnownFileType = sourcecode.swift; path = PersistentManager.swift; sourceTree = "<group>"; };
		4265423F216657D900DDD188 /* Pedometer.swift */ = {isa = PBXFileReference; lastKnownFileType = sourcecode.swift; path = Pedometer.swift; sourceTree = "<group>"; };
		4265424121666A6E00DDD188 /* diagram.swift */ = {isa = PBXFileReference; lastKnownFileType = sourcecode.swift; path = diagram.swift; sourceTree = "<group>"; };
		42ACA473216BDB1D003598EF /* SwipeAnimations.swift */ = {isa = PBXFileReference; lastKnownFileType = sourcecode.swift; path = SwipeAnimations.swift; sourceTree = "<group>"; };
		42C56487216790BF001B85D6 /* CalendarView.swift */ = {isa = PBXFileReference; lastKnownFileType = sourcecode.swift; path = CalendarView.swift; sourceTree = "<group>"; };
		42F0013A2166BECB00A87C91 /* DashbordHelper.swift */ = {isa = PBXFileReference; lastKnownFileType = sourcecode.swift; path = DashbordHelper.swift; sourceTree = "<group>"; };
		42F0013C2166BF9F00A87C91 /* PhysiologicalData.swift */ = {isa = PBXFileReference; lastKnownFileType = sourcecode.swift; path = PhysiologicalData.swift; sourceTree = "<group>"; };
		8C1939097F8511AFB13C71C7 /* Pods-Health.debug.xcconfig */ = {isa = PBXFileReference; includeInIndex = 1; lastKnownFileType = text.xcconfig; name = "Pods-Health.debug.xcconfig"; path = "Pods/Target Support Files/Pods-Health/Pods-Health.debug.xcconfig"; sourceTree = "<group>"; };
		B699324CF7032EAED8ED25ED /* Pods_Health.framework */ = {isa = PBXFileReference; explicitFileType = wrapper.framework; includeInIndex = 0; path = Pods_Health.framework; sourceTree = BUILT_PRODUCTS_DIR; };
		C5A9EC2368277F54388C2D6D /* Pods-Health.release.xcconfig */ = {isa = PBXFileReference; includeInIndex = 1; lastKnownFileType = text.xcconfig; name = "Pods-Health.release.xcconfig"; path = "Pods/Target Support Files/Pods-Health/Pods-Health.release.xcconfig"; sourceTree = "<group>"; };
/* End PBXFileReference section */

/* Begin PBXFrameworksBuildPhase section */
		42654221216655DC00DDD188 /* Frameworks */ = {
			isa = PBXFrameworksBuildPhase;
			buildActionMask = 2147483647;
			files = (
				5357902CAAFDE595AE3F9182 /* Pods_Health.framework in Frameworks */,
			);
			runOnlyForDeploymentPostprocessing = 0;
		};
/* End PBXFrameworksBuildPhase section */

/* Begin PBXGroup section */
		298CBC917A5340CCD9BEF260 /* Pods */ = {
			isa = PBXGroup;
			children = (
				8C1939097F8511AFB13C71C7 /* Pods-Health.debug.xcconfig */,
				C5A9EC2368277F54388C2D6D /* Pods-Health.release.xcconfig */,
			);
			name = Pods;
			sourceTree = "<group>";
		};
		4265421B216655DC00DDD188 = {
			isa = PBXGroup;
			children = (
				42654226216655DC00DDD188 /* Health */,
				42654225216655DC00DDD188 /* Products */,
				298CBC917A5340CCD9BEF260 /* Pods */,
				9D7AC245294F8E1E0CFEC16E /* Frameworks */,
			);
			sourceTree = "<group>";
		};
		42654225216655DC00DDD188 /* Products */ = {
			isa = PBXGroup;
			children = (
				42654224216655DC00DDD188 /* Health.app */,
			);
			name = Products;
			sourceTree = "<group>";
		};
		42654226216655DC00DDD188 /* Health */ = {
			isa = PBXGroup;
			children = (
				42654227216655DC00DDD188 /* AppDelegate.swift */,
				42C5648621678516001B85D6 /* View */,
				42ACA477216BE4F6003598EF /* DashbordService */,
				42ACA472216B8600003598EF /*  Calendar */,
				42F0013E2166C08600A87C91 /* DataModel */,
				4265423E2166560400DDD188 /* CoreData */,
				4265422B216655DC00DDD188 /* Main.storyboard */,
				4265423F216657D900DDD188 /* Pedometer.swift */,
				4265424121666A6E00DDD188 /* diagram.swift */,
				42654231216655DE00DDD188 /* Assets.xcassets */,
				42654233216655DE00DDD188 /* LaunchScreen.storyboard */,
				42654236216655DE00DDD188 /* Info.plist */,
				4265422E216655DC00DDD188 /* Health.xcdatamodeld */,
			);
			path = Health;
			sourceTree = "<group>";
		};
		4265423E2166560400DDD188 /* CoreData */ = {
			isa = PBXGroup;
			children = (
				4265423C216655FF00DDD188 /* PersistentManager.swift */,
			);
			path = CoreData;
			sourceTree = "<group>";
		};
		42ACA472216B8600003598EF /*  Calendar */ = {
			isa = PBXGroup;
			children = (
				42C56487216790BF001B85D6 /* CalendarView.swift */,
			);
			path = " Calendar";
			sourceTree = "<group>";
		};
		42ACA477216BE4F6003598EF /* DashbordService */ = {
			isa = PBXGroup;
			children = (
				42ACA473216BDB1D003598EF /* SwipeAnimations.swift */,
				42F0013A2166BECB00A87C91 /* DashbordHelper.swift */,
			);
			path = DashbordService;
			sourceTree = "<group>";
		};
		42C5648621678516001B85D6 /* View */ = {
			isa = PBXGroup;
			children = (
				42654229216655DC00DDD188 /* DashbordController.swift */,
			);
			path = View;
			sourceTree = "<group>";
		};
		42F0013E2166C08600A87C91 /* DataModel */ = {
			isa = PBXGroup;
			children = (
				42F0013C2166BF9F00A87C91 /* PhysiologicalData.swift */,
			);
			path = DataModel;
			sourceTree = "<group>";
		};
		9D7AC245294F8E1E0CFEC16E /* Frameworks */ = {
			isa = PBXGroup;
			children = (
				B699324CF7032EAED8ED25ED /* Pods_Health.framework */,
			);
			name = Frameworks;
			sourceTree = "<group>";
		};
/* End PBXGroup section */

/* Begin PBXNativeTarget section */
		42654223216655DC00DDD188 /* Health */ = {
			isa = PBXNativeTarget;
			buildConfigurationList = 42654239216655DE00DDD188 /* Build configuration list for PBXNativeTarget "Health" */;
			buildPhases = (
				0B05B0242A9C0BECD539317A /* [CP] Check Pods Manifest.lock */,
				42654220216655DC00DDD188 /* Sources */,
				42654221216655DC00DDD188 /* Frameworks */,
				42654222216655DC00DDD188 /* Resources */,
				0F16445451A3B51554A90CE6 /* [CP] Embed Pods Frameworks */,
			);
			buildRules = (
			);
			dependencies = (
			);
			name = Health;
			productName = Health;
			productReference = 42654224216655DC00DDD188 /* Health.app */;
			productType = "com.apple.product-type.application";
		};
/* End PBXNativeTarget section */

/* Begin PBXProject section */
		4265421C216655DC00DDD188 /* Project object */ = {
			isa = PBXProject;
			attributes = {
				LastSwiftUpdateCheck = 1000;
				LastUpgradeCheck = 1000;
				ORGANIZATIONNAME = "Александр Харченко";
				TargetAttributes = {
					42654223216655DC00DDD188 = {
						CreatedOnToolsVersion = 10.0;
					};
				};
			};
			buildConfigurationList = 4265421F216655DC00DDD188 /* Build configuration list for PBXProject "Health" */;
			compatibilityVersion = "Xcode 9.3";
			developmentRegion = en;
			hasScannedForEncodings = 0;
			knownRegions = (
				en,
				Base,
			);
			mainGroup = 4265421B216655DC00DDD188;
			productRefGroup = 42654225216655DC00DDD188 /* Products */;
			projectDirPath = "";
			projectRoot = "";
			targets = (
				42654223216655DC00DDD188 /* Health */,
			);
		};
/* End PBXProject section */

/* Begin PBXResourcesBuildPhase section */
		42654222216655DC00DDD188 /* Resources */ = {
			isa = PBXResourcesBuildPhase;
			buildActionMask = 2147483647;
			files = (
				42654235216655DE00DDD188 /* LaunchScreen.storyboard in Resources */,
				42654232216655DE00DDD188 /* Assets.xcassets in Resources */,
				4265422D216655DC00DDD188 /* Main.storyboard in Resources */,
			);
			runOnlyForDeploymentPostprocessing = 0;
		};
/* End PBXResourcesBuildPhase section */

/* Begin PBXShellScriptBuildPhase section */
		0B05B0242A9C0BECD539317A /* [CP] Check Pods Manifest.lock */ = {
			isa = PBXShellScriptBuildPhase;
			buildActionMask = 2147483647;
			files = (
			);
			inputPaths = (
				"${PODS_PODFILE_DIR_PATH}/Podfile.lock",
				"${PODS_ROOT}/Manifest.lock",
			);
			name = "[CP] Check Pods Manifest.lock";
			outputPaths = (
				"$(DERIVED_FILE_DIR)/Pods-Health-checkManifestLockResult.txt",
			);
			runOnlyForDeploymentPostprocessing = 0;
			shellPath = /bin/sh;
			shellScript = "diff \"${PODS_PODFILE_DIR_PATH}/Podfile.lock\" \"${PODS_ROOT}/Manifest.lock\" > /dev/null\nif [ $? != 0 ] ; then\n    # print error to STDERR\n    echo \"error: The sandbox is not in sync with the Podfile.lock. Run 'pod install' or update your CocoaPods installation.\" >&2\n    exit 1\nfi\n# This output is used by Xcode 'outputs' to avoid re-running this script phase.\necho \"SUCCESS\" > \"${SCRIPT_OUTPUT_FILE_0}\"\n";
			showEnvVarsInLog = 0;
		};
		0F16445451A3B51554A90CE6 /* [CP] Embed Pods Frameworks */ = {
			isa = PBXShellScriptBuildPhase;
			buildActionMask = 2147483647;
			files = (
			);
			inputPaths = (
				"${SRCROOT}/Pods/Target Support Files/Pods-Health/Pods-Health-frameworks.sh",
				"${BUILT_PRODUCTS_DIR}/FSCalendar/FSCalendar.framework",
				"${BUILT_PRODUCTS_DIR}/UICircularProgressRing/UICircularProgressRing.framework",
			);
			name = "[CP] Embed Pods Frameworks";
			outputPaths = (
				"${TARGET_BUILD_DIR}/${FRAMEWORKS_FOLDER_PATH}/FSCalendar.framework",
				"${TARGET_BUILD_DIR}/${FRAMEWORKS_FOLDER_PATH}/UICircularProgressRing.framework",
			);
			runOnlyForDeploymentPostprocessing = 0;
			shellPath = /bin/sh;
			shellScript = "\"${SRCROOT}/Pods/Target Support Files/Pods-Health/Pods-Health-frameworks.sh\"\n";
			showEnvVarsInLog = 0;
		};
/* End PBXShellScriptBuildPhase section */

/* Begin PBXSourcesBuildPhase section */
		42654220216655DC00DDD188 /* Sources */ = {
			isa = PBXSourcesBuildPhase;
			buildActionMask = 2147483647;
			files = (
				42654240216657D900DDD188 /* Pedometer.swift in Sources */,
				4265422A216655DC00DDD188 /* DashbordController.swift in Sources */,
				42654230216655DC00DDD188 /* Health.xcdatamodeld in Sources */,
				4265424221666A6E00DDD188 /* diagram.swift in Sources */,
				4265423D216655FF00DDD188 /* PersistentManager.swift in Sources */,
				42ACA474216BDB1D003598EF /* SwipeAnimations.swift in Sources */,
				42C56488216790BF001B85D6 /* CalendarView.swift in Sources */,
				42F0013D2166BF9F00A87C91 /* PhysiologicalData.swift in Sources */,
				42654228216655DC00DDD188 /* AppDelegate.swift in Sources */,
				42F0013B2166BECB00A87C91 /* DashbordHelper.swift in Sources */,
			);
			runOnlyForDeploymentPostprocessing = 0;
		};
/* End PBXSourcesBuildPhase section */

/* Begin PBXVariantGroup section */
		4265422B216655DC00DDD188 /* Main.storyboard */ = {
			isa = PBXVariantGroup;
			children = (
				4265422C216655DC00DDD188 /* Base */,
			);
			name = Main.storyboard;
			sourceTree = "<group>";
		};
		42654233216655DE00DDD188 /* LaunchScreen.storyboard */ = {
			isa = PBXVariantGroup;
			children = (
				42654234216655DE00DDD188 /* Base */,
			);
			name = LaunchScreen.storyboard;
			sourceTree = "<group>";
		};
/* End PBXVariantGroup section */

/* Begin XCBuildConfiguration section */
		42654237216655DE00DDD188 /* Debug */ = {
			isa = XCBuildConfiguration;
			buildSettings = {
				ALWAYS_SEARCH_USER_PATHS = NO;
				CLANG_ANALYZER_NONNULL = YES;
				CLANG_ANALYZER_NUMBER_OBJECT_CONVERSION = YES_AGGRESSIVE;
				CLANG_CXX_LANGUAGE_STANDARD = "gnu++14";
				CLANG_CXX_LIBRARY = "libc++";
				CLANG_ENABLE_MODULES = YES;
				CLANG_ENABLE_OBJC_ARC = YES;
				CLANG_ENABLE_OBJC_WEAK = YES;
				CLANG_WARN_BLOCK_CAPTURE_AUTORELEASING = YES;
				CLANG_WARN_BOOL_CONVERSION = YES;
				CLANG_WARN_COMMA = YES;
				CLANG_WARN_CONSTANT_CONVERSION = YES;
				CLANG_WARN_DEPRECATED_OBJC_IMPLEMENTATIONS = YES;
				CLANG_WARN_DIRECT_OBJC_ISA_USAGE = YES_ERROR;
				CLANG_WARN_DOCUMENTATION_COMMENTS = YES;
				CLANG_WARN_EMPTY_BODY = YES;
				CLANG_WARN_ENUM_CONVERSION = YES;
				CLANG_WARN_INFINITE_RECURSION = YES;
				CLANG_WARN_INT_CONVERSION = YES;
				CLANG_WARN_NON_LITERAL_NULL_CONVERSION = YES;
				CLANG_WARN_OBJC_IMPLICIT_RETAIN_SELF = YES;
				CLANG_WARN_OBJC_LITERAL_CONVERSION = YES;
				CLANG_WARN_OBJC_ROOT_CLASS = YES_ERROR;
				CLANG_WARN_RANGE_LOOP_ANALYSIS = YES;
				CLANG_WARN_STRICT_PROTOTYPES = YES;
				CLANG_WARN_SUSPICIOUS_MOVE = YES;
				CLANG_WARN_UNGUARDED_AVAILABILITY = YES_AGGRESSIVE;
				CLANG_WARN_UNREACHABLE_CODE = YES;
				CLANG_WARN__DUPLICATE_METHOD_MATCH = YES;
				CODE_SIGN_IDENTITY = "iPhone Developer";
				COPY_PHASE_STRIP = NO;
				DEBUG_INFORMATION_FORMAT = dwarf;
				ENABLE_STRICT_OBJC_MSGSEND = YES;
				ENABLE_TESTABILITY = YES;
				GCC_C_LANGUAGE_STANDARD = gnu11;
				GCC_DYNAMIC_NO_PIC = NO;
				GCC_NO_COMMON_BLOCKS = YES;
				GCC_OPTIMIZATION_LEVEL = 0;
				GCC_PREPROCESSOR_DEFINITIONS = (
					"DEBUG=1",
					"$(inherited)",
				);
				GCC_WARN_64_TO_32_BIT_CONVERSION = YES;
				GCC_WARN_ABOUT_RETURN_TYPE = YES_ERROR;
				GCC_WARN_UNDECLARED_SELECTOR = YES;
				GCC_WARN_UNINITIALIZED_AUTOS = YES_AGGRESSIVE;
				GCC_WARN_UNUSED_FUNCTION = YES;
				GCC_WARN_UNUSED_VARIABLE = YES;
				IPHONEOS_DEPLOYMENT_TARGET = 12.0;
				MTL_ENABLE_DEBUG_INFO = INCLUDE_SOURCE;
				MTL_FAST_MATH = YES;
				ONLY_ACTIVE_ARCH = YES;
				SDKROOT = iphoneos;
				SWIFT_ACTIVE_COMPILATION_CONDITIONS = DEBUG;
				SWIFT_OPTIMIZATION_LEVEL = "-Onone";
			};
			name = Debug;
		};
		42654238216655DE00DDD188 /* Release */ = {
			isa = XCBuildConfiguration;
			buildSettings = {
				ALWAYS_SEARCH_USER_PATHS = NO;
				CLANG_ANALYZER_NONNULL = YES;
				CLANG_ANALYZER_NUMBER_OBJECT_CONVERSION = YES_AGGRESSIVE;
				CLANG_CXX_LANGUAGE_STANDARD = "gnu++14";
				CLANG_CXX_LIBRARY = "libc++";
				CLANG_ENABLE_MODULES = YES;
				CLANG_ENABLE_OBJC_ARC = YES;
				CLANG_ENABLE_OBJC_WEAK = YES;
				CLANG_WARN_BLOCK_CAPTURE_AUTORELEASING = YES;
				CLANG_WARN_BOOL_CONVERSION = YES;
				CLANG_WARN_COMMA = YES;
				CLANG_WARN_CONSTANT_CONVERSION = YES;
				CLANG_WARN_DEPRECATED_OBJC_IMPLEMENTATIONS = YES;
				CLANG_WARN_DIRECT_OBJC_ISA_USAGE = YES_ERROR;
				CLANG_WARN_DOCUMENTATION_COMMENTS = YES;
				CLANG_WARN_EMPTY_BODY = YES;
				CLANG_WARN_ENUM_CONVERSION = YES;
				CLANG_WARN_INFINITE_RECURSION = YES;
				CLANG_WARN_INT_CONVERSION = YES;
				CLANG_WARN_NON_LITERAL_NULL_CONVERSION = YES;
				CLANG_WARN_OBJC_IMPLICIT_RETAIN_SELF = YES;
				CLANG_WARN_OBJC_LITERAL_CONVERSION = YES;
				CLANG_WARN_OBJC_ROOT_CLASS = YES_ERROR;
				CLANG_WARN_RANGE_LOOP_ANALYSIS = YES;
				CLANG_WARN_STRICT_PROTOTYPES = YES;
				CLANG_WARN_SUSPICIOUS_MOVE = YES;
				CLANG_WARN_UNGUARDED_AVAILABILITY = YES_AGGRESSIVE;
				CLANG_WARN_UNREACHABLE_CODE = YES;
				CLANG_WARN__DUPLICATE_METHOD_MATCH = YES;
				CODE_SIGN_IDENTITY = "iPhone Developer";
				COPY_PHASE_STRIP = NO;
				DEBUG_INFORMATION_FORMAT = "dwarf-with-dsym";
				ENABLE_NS_ASSERTIONS = NO;
				ENABLE_STRICT_OBJC_MSGSEND = YES;
				GCC_C_LANGUAGE_STANDARD = gnu11;
				GCC_NO_COMMON_BLOCKS = YES;
				GCC_WARN_64_TO_32_BIT_CONVERSION = YES;
				GCC_WARN_ABOUT_RETURN_TYPE = YES_ERROR;
				GCC_WARN_UNDECLARED_SELECTOR = YES;
				GCC_WARN_UNINITIALIZED_AUTOS = YES_AGGRESSIVE;
				GCC_WARN_UNUSED_FUNCTION = YES;
				GCC_WARN_UNUSED_VARIABLE = YES;
				IPHONEOS_DEPLOYMENT_TARGET = 12.0;
				MTL_ENABLE_DEBUG_INFO = NO;
				MTL_FAST_MATH = YES;
				SDKROOT = iphoneos;
				SWIFT_COMPILATION_MODE = wholemodule;
				SWIFT_OPTIMIZATION_LEVEL = "-O";
				VALIDATE_PRODUCT = YES;
			};
			name = Release;
		};
		4265423A216655DE00DDD188 /* Debug */ = {
			isa = XCBuildConfiguration;
			baseConfigurationReference = 8C1939097F8511AFB13C71C7 /* Pods-Health.debug.xcconfig */;
			buildSettings = {
				ASSETCATALOG_COMPILER_APPICON_NAME = AppIcon;
				CODE_SIGN_STYLE = Automatic;
				DEVELOPMENT_TEAM = 8AUXBABJ48;
				INFOPLIST_FILE = Health/Info.plist;
				LD_RUNPATH_SEARCH_PATHS = (
					"$(inherited)",
					"@executable_path/Frameworks",
				);
				PRODUCT_BUNDLE_IDENTIFIER = alexok.Health;
				PRODUCT_NAME = "$(TARGET_NAME)";
				SWIFT_VERSION = 4.2;
				TARGETED_DEVICE_FAMILY = "1,2";
			};
			name = Debug;
		};
		4265423B216655DE00DDD188 /* Release */ = {
			isa = XCBuildConfiguration;
			baseConfigurationReference = C5A9EC2368277F54388C2D6D /* Pods-Health.release.xcconfig */;
			buildSettings = {
				ASSETCATALOG_COMPILER_APPICON_NAME = AppIcon;
				CODE_SIGN_STYLE = Automatic;
				DEVELOPMENT_TEAM = 8AUXBABJ48;
				INFOPLIST_FILE = Health/Info.plist;
				LD_RUNPATH_SEARCH_PATHS = (
					"$(inherited)",
					"@executable_path/Frameworks",
				);
				PRODUCT_BUNDLE_IDENTIFIER = alexok.Health;
				PRODUCT_NAME = "$(TARGET_NAME)";
				SWIFT_VERSION = 4.2;
				TARGETED_DEVICE_FAMILY = "1,2";
			};
			name = Release;
		};
/* End XCBuildConfiguration section */

/* Begin XCConfigurationList section */
		4265421F216655DC00DDD188 /* Build configuration list for PBXProject "Health" */ = {
			isa = XCConfigurationList;
			buildConfigurations = (
				42654237216655DE00DDD188 /* Debug */,
				42654238216655DE00DDD188 /* Release */,
			);
			defaultConfigurationIsVisible = 0;
			defaultConfigurationName = Release;
		};
		42654239216655DE00DDD188 /* Build configuration list for PBXNativeTarget "Health" */ = {
			isa = XCConfigurationList;
			buildConfigurations = (
				4265423A216655DE00DDD188 /* Debug */,
				4265423B216655DE00DDD188 /* Release */,
			);
			defaultConfigurationIsVisible = 0;
			defaultConfigurationName = Release;
		};
/* End XCConfigurationList section */

/* Begin XCVersionGroup section */
		4265422E216655DC00DDD188 /* Health.xcdatamodeld */ = {
			isa = XCVersionGroup;
			children = (
				4265422F216655DC00DDD188 /* Health.xcdatamodel */,
			);
			currentVersion = 4265422F216655DC00DDD188 /* Health.xcdatamodel */;
			path = Health.xcdatamodeld;
			sourceTree = "<group>";
			versionGroupType = wrapper.xcdatamodel;
		};
/* End XCVersionGroup section */
	};
	rootObject = 4265421C216655DC00DDD188 /* Project object */;
}
